
Microsoft Visual Studio Solution File, Format Version 12.00
#
Project("{FAE04EC0-301F-11D3-BF4B-00C04F79EFBC}") = "RawPotionServer", "RawPotionServer\RawPotionServer.csproj", "{7F82208E-F1DD-48BC-AB6E-05AA94340BAF}"
EndProject
Project("{FAE04EC0-301F-11D3-BF4B-00C04F79EFBC}") = "RawPotionUnittests", "RawPotionUnittests\RawPotionUnittests.csproj", "{C414365C-8CED-4A18-B4C0-FCADA3B3C8F6}"
EndProject
Project("{FAE04EC0-301F-11D3-BF4B-00C04F79EFBC}") = "RawPotionIntegrationtests", "RawPotionIntegrationtests\RawPotionIntegrationtests.csproj", "{534F718D-99DA-4C19-8BA5-5EE7907169A8}"
EndProject
Project("{FAE04EC0-301F-11D3-BF4B-00C04F79EFBC}") = "RawPotionCore", "RawPotionCore\RawPotionCore.csproj", "{06ADEE9B-68CD-4BC2-B395-6CB5C5D71C2C}"
EndProject
Global
	GlobalSection(SolutionConfigurationPlatforms) = preSolution
		Debug|Any CPU = Debug|Any CPU
		Release|Any CPU = Release|Any CPU
	EndGlobalSection
	GlobalSection(ProjectConfigurationPlatforms) = postSolution
		{7F82208E-F1DD-48BC-AB6E-05AA94340BAF}.Debug|Any CPU.ActiveCfg = Debug|Any CPU
		{7F82208E-F1DD-48BC-AB6E-05AA94340BAF}.Debug|Any CPU.Build.0 = Debug|Any CPU
		{7F82208E-F1DD-48BC-AB6E-05AA94340BAF}.Release|Any CPU.ActiveCfg = Release|Any CPU
		{7F82208E-F1DD-48BC-AB6E-05AA94340BAF}.Release|Any CPU.Build.0 = Release|Any CPU
		{C414365C-8CED-4A18-B4C0-FCADA3B3C8F6}.Debug|Any CPU.ActiveCfg = Debug|Any CPU
		{C414365C-8CED-4A18-B4C0-FCADA3B3C8F6}.Debug|Any CPU.Build.0 = Debug|Any CPU
		{C414365C-8CED-4A18-B4C0-FCADA3B3C8F6}.Release|Any CPU.ActiveCfg = Release|Any CPU
		{C414365C-8CED-4A18-B4C0-FCADA3B3C8F6}.Release|Any CPU.Build.0 = Release|Any CPU
		{534F718D-99DA-4C19-8BA5-5EE7907169A8}.Debug|Any CPU.ActiveCfg = Debug|Any CPU
		{534F718D-99DA-4C19-8BA5-5EE7907169A8}.Debug|Any CPU.Build.0 = Debug|Any CPU
		{534F718D-99DA-4C19-8BA5-5EE7907169A8}.Release|Any CPU.ActiveCfg = Release|Any CPU
		{534F718D-99DA-4C19-8BA5-5EE7907169A8}.Release|Any CPU.Build.0 = Release|Any CPU
		{06ADEE9B-68CD-4BC2-B395-6CB5C5D71C2C}.Debug|Any CPU.ActiveCfg = Debug|Any CPU
		{06ADEE9B-68CD-4BC2-B395-6CB5C5D71C2C}.Debug|Any CPU.Build.0 = Debug|Any CPU
		{06ADEE9B-68CD-4BC2-B395-6CB5C5D71C2C}.Release|Any CPU.ActiveCfg = Release|Any CPU
		{06ADEE9B-68CD-4BC2-B395-6CB5C5D71C2C}.Release|Any CPU.Build.0 = Release|Any CPU
	EndGlobalSection
EndGlobal
